
Microsoft Visual Studio Solution File, Format Version 12.00
# Visual Studio Version 17
VisualStudioVersion = 17.10.35122.118
MinimumVisualStudioVersion = 10.0.40219.1
Project("{9A19103F-16F7-4668-BE54-9A1E7A4F7556}") = "PortalRentCar.Client", "PortalRentCar.Client\PortalRentCar.Client.csproj", "{5BB8CFAA-CB62-4812-B8E2-AE07A2F8C893}"
EndProject
Project("{2150E333-8FDC-42A3-9474-1A3956D46DE8}") = "01. Frontend", "01. Frontend", "{B9B562CE-A159-4998-97AB-19B8962BAA95}"
EndProject
Project("{2150E333-8FDC-42A3-9474-1A3956D46DE8}") = "02. Backend", "02. Backend", "{1C0097B9-E60D-4561-80E1-CFBDAB6D1C8A}"
EndProject
Project("{2150E333-8FDC-42A3-9474-1A3956D46DE8}") = "01. Entidades", "01. Entidades", "{0DD5602B-42E5-4AEB-9CF7-1C81773F84BF}"
EndProject
Project("{2150E333-8FDC-42A3-9474-1A3956D46DE8}") = "02. Acceso a Datos", "02. Acceso a Datos", "{17888E11-D18D-4E98-A655-DC42AE7C81FB}"
EndProject
Project("{2150E333-8FDC-42A3-9474-1A3956D46DE8}") = "03. Logica de Negocio", "03. Logica de Negocio", "{3B775DCC-3999-4C7B-AC96-7CBFB883BE27}"
EndProject
Project("{2150E333-8FDC-42A3-9474-1A3956D46DE8}") = "04.  API REST", "04.  API REST", "{4BDAEA21-1C0E-4124-9774-D002FA696204}"
EndProject
Project("{2150E333-8FDC-42A3-9474-1A3956D46DE8}") = "05. Pruebas Unitarias", "05. Pruebas Unitarias", "{6ADBCD9F-D77B-4641-AA26-4C4C9DD4390A}"
EndProject
Project("{2150E333-8FDC-42A3-9474-1A3956D46DE8}") = "03. Compartidos", "03. Compartidos", "{4878534B-0B6A-431B-8E36-8C5F34A3107B}"
EndProject
Project("{9A19103F-16F7-4668-BE54-9A1E7A4F7556}") = "PortalRentCar.Shared", "PortalRentCar.Shared\PortalRentCar.Shared.csproj", "{CBCDF55A-7CB8-4580-B58B-80D5F2261792}"
EndProject
Project("{9A19103F-16F7-4668-BE54-9A1E7A4F7556}") = "PortalRentCar.Entities", "PortalRentCar.Entities\PortalRentCar.Entities.csproj", "{70696E14-CC6B-47A0-A737-5576A00CF037}"
EndProject
Project("{9A19103F-16F7-4668-BE54-9A1E7A4F7556}") = "PortalRentCar.DataAcces", "PortalRentCar.DataAcces\PortalRentCar.DataAcces.csproj", "{55F9FFA2-4D60-4368-9636-FCA1256EF63B}"
EndProject
Project("{9A19103F-16F7-4668-BE54-9A1E7A4F7556}") = "PortalRentCar.Repositories", "PortalRentCar.Repositories\PortalRentCar.Repositories.csproj", "{75FFCE7D-B727-4367-B323-9829C4257E4C}"
EndProject
Project("{9A19103F-16F7-4668-BE54-9A1E7A4F7556}") = "PortalRentCar.Services", "PortalRentCar.Services\PortalRentCar.Services.csproj", "{4E6B9238-7225-4CF5-A8C3-14CC7F3F081E}"
EndProject
Project("{9A19103F-16F7-4668-BE54-9A1E7A4F7556}") = "PortalRentCar.Server", "PortalRentCar.Server\PortalRentCar.Server.csproj", "{78AEE7A1-A8DC-41AB-BB56-BD1235AF5C43}"
EndProject
Project("{FAE04EC0-301F-11D3-BF4B-00C04F79EFBC}") = "PortalRentCar.UnitTest", "PortalRentCar.UnitTest\PortalRentCar.UnitTest.csproj", "{B0CD696B-99AF-4047-9A36-5808BE492417}"
EndProject
Global
	GlobalSection(SolutionConfigurationPlatforms) = preSolution
		Debug|Any CPU = Debug|Any CPU
		Release|Any CPU = Release|Any CPU
	EndGlobalSection
	GlobalSection(ProjectConfigurationPlatforms) = postSolution
		{5BB8CFAA-CB62-4812-B8E2-AE07A2F8C893}.Debug|Any CPU.ActiveCfg = Debug|Any CPU
		{5BB8CFAA-CB62-4812-B8E2-AE07A2F8C893}.Debug|Any CPU.Build.0 = Debug|Any CPU
		{5BB8CFAA-CB62-4812-B8E2-AE07A2F8C893}.Release|Any CPU.ActiveCfg = Release|Any CPU
		{5BB8CFAA-CB62-4812-B8E2-AE07A2F8C893}.Release|Any CPU.Build.0 = Release|Any CPU
		{CBCDF55A-7CB8-4580-B58B-80D5F2261792}.Debug|Any CPU.ActiveCfg = Debug|Any CPU
		{CBCDF55A-7CB8-4580-B58B-80D5F2261792}.Debug|Any CPU.Build.0 = Debug|Any CPU
		{CBCDF55A-7CB8-4580-B58B-80D5F2261792}.Release|Any CPU.ActiveCfg = Release|Any CPU
		{CBCDF55A-7CB8-4580-B58B-80D5F2261792}.Release|Any CPU.Build.0 = Release|Any CPU
		{70696E14-CC6B-47A0-A737-5576A00CF037}.Debug|Any CPU.ActiveCfg = Debug|Any CPU
		{70696E14-CC6B-47A0-A737-5576A00CF037}.Debug|Any CPU.Build.0 = Debug|Any CPU
		{70696E14-CC6B-47A0-A737-5576A00CF037}.Release|Any CPU.ActiveCfg = Release|Any CPU
		{70696E14-CC6B-47A0-A737-5576A00CF037}.Release|Any CPU.Build.0 = Release|Any CPU
		{55F9FFA2-4D60-4368-9636-FCA1256EF63B}.Debug|Any CPU.ActiveCfg = Debug|Any CPU
		{55F9FFA2-4D60-4368-9636-FCA1256EF63B}.Debug|Any CPU.Build.0 = Debug|Any CPU
		{55F9FFA2-4D60-4368-9636-FCA1256EF63B}.Release|Any CPU.ActiveCfg = Release|Any CPU
		{55F9FFA2-4D60-4368-9636-FCA1256EF63B}.Release|Any CPU.Build.0 = Release|Any CPU
		{75FFCE7D-B727-4367-B323-9829C4257E4C}.Debug|Any CPU.ActiveCfg = Debug|Any CPU
		{75FFCE7D-B727-4367-B323-9829C4257E4C}.Debug|Any CPU.Build.0 = Debug|Any CPU
		{75FFCE7D-B727-4367-B323-9829C4257E4C}.Release|Any CPU.ActiveCfg = Release|Any CPU
		{75FFCE7D-B727-4367-B323-9829C4257E4C}.Release|Any CPU.Build.0 = Release|Any CPU
		{4E6B9238-7225-4CF5-A8C3-14CC7F3F081E}.Debug|Any CPU.ActiveCfg = Debug|Any CPU
		{4E6B9238-7225-4CF5-A8C3-14CC7F3F081E}.Debug|Any CPU.Build.0 = Debug|Any CPU
		{4E6B9238-7225-4CF5-A8C3-14CC7F3F081E}.Release|Any CPU.ActiveCfg = Release|Any CPU
		{4E6B9238-7225-4CF5-A8C3-14CC7F3F081E}.Release|Any CPU.Build.0 = Release|Any CPU
		{78AEE7A1-A8DC-41AB-BB56-BD1235AF5C43}.Debug|Any CPU.ActiveCfg = Debug|Any CPU
		{78AEE7A1-A8DC-41AB-BB56-BD1235AF5C43}.Debug|Any CPU.Build.0 = Debug|Any CPU
		{78AEE7A1-A8DC-41AB-BB56-BD1235AF5C43}.Release|Any CPU.ActiveCfg = Release|Any CPU
		{78AEE7A1-A8DC-41AB-BB56-BD1235AF5C43}.Release|Any CPU.Build.0 = Release|Any CPU
		{B0CD696B-99AF-4047-9A36-5808BE492417}.Debug|Any CPU.ActiveCfg = Debug|Any CPU
		{B0CD696B-99AF-4047-9A36-5808BE492417}.Debug|Any CPU.Build.0 = Debug|Any CPU
		{B0CD696B-99AF-4047-9A36-5808BE492417}.Release|Any CPU.ActiveCfg = Release|Any CPU
		{B0CD696B-99AF-4047-9A36-5808BE492417}.Release|Any CPU.Build.0 = Release|Any CPU
	EndGlobalSection
	GlobalSection(SolutionProperties) = preSolution
		HideSolutionNode = FALSE
	EndGlobalSection
	GlobalSection(NestedProjects) = preSolution
		{5BB8CFAA-CB62-4812-B8E2-AE07A2F8C893} = {B9B562CE-A159-4998-97AB-19B8962BAA95}
		{0DD5602B-42E5-4AEB-9CF7-1C81773F84BF} = {1C0097B9-E60D-4561-80E1-CFBDAB6D1C8A}
		{17888E11-D18D-4E98-A655-DC42AE7C81FB} = {1C0097B9-E60D-4561-80E1-CFBDAB6D1C8A}
		{3B775DCC-3999-4C7B-AC96-7CBFB883BE27} = {1C0097B9-E60D-4561-80E1-CFBDAB6D1C8A}
		{4BDAEA21-1C0E-4124-9774-D002FA696204} = {1C0097B9-E60D-4561-80E1-CFBDAB6D1C8A}
		{6ADBCD9F-D77B-4641-AA26-4C4C9DD4390A} = {1C0097B9-E60D-4561-80E1-CFBDAB6D1C8A}
		{CBCDF55A-7CB8-4580-B58B-80D5F2261792} = {4878534B-0B6A-431B-8E36-8C5F34A3107B}
		{70696E14-CC6B-47A0-A737-5576A00CF037} = {0DD5602B-42E5-4AEB-9CF7-1C81773F84BF}
		{55F9FFA2-4D60-4368-9636-FCA1256EF63B} = {17888E11-D18D-4E98-A655-DC42AE7C81FB}
		{75FFCE7D-B727-4367-B323-9829C4257E4C} = {17888E11-D18D-4E98-A655-DC42AE7C81FB}
		{4E6B9238-7225-4CF5-A8C3-14CC7F3F081E} = {3B775DCC-3999-4C7B-AC96-7CBFB883BE27}
		{78AEE7A1-A8DC-41AB-BB56-BD1235AF5C43} = {4BDAEA21-1C0E-4124-9774-D002FA696204}
		{B0CD696B-99AF-4047-9A36-5808BE492417} = {6ADBCD9F-D77B-4641-AA26-4C4C9DD4390A}
	EndGlobalSection
	GlobalSection(ExtensibilityGlobals) = postSolution
		SolutionGuid = {1FDDE81A-1F9B-4E6C-8428-7BC3F630FDBB}
	EndGlobalSection
EndGlobal
