
Microsoft Visual Studio Solution File, Format Version 12.00
# Visual Studio Version 17
VisualStudioVersion = 17.10.35122.118
MinimumVisualStudioVersion = 10.0.40219.1
Project("{9A19103F-16F7-4668-BE54-9A1E7A4F7556}") = "PortalRentCar.Client", "PortalRentCar.Client\PortalRentCar.Client.csproj", "{FD37414C-8AAA-47BA-8248-1AE5D2C2976E}"
EndProject
Project("{9A19103F-16F7-4668-BE54-9A1E7A4F7556}") = "PortalRentCar.Shared", "PortalRentCar.Shared\PortalRentCar.Shared.csproj", "{C6B89B95-D3DB-4EEE-BADD-BB566DD6E987}"
EndProject
Global
	GlobalSection(SolutionConfigurationPlatforms) = preSolution
		Debug|Any CPU = Debug|Any CPU
		Release|Any CPU = Release|Any CPU
	EndGlobalSection
	GlobalSection(ProjectConfigurationPlatforms) = postSolution
		{FD37414C-8AAA-47BA-8248-1AE5D2C2976E}.Debug|Any CPU.ActiveCfg = Debug|Any CPU
		{FD37414C-8AAA-47BA-8248-1AE5D2C2976E}.Debug|Any CPU.Build.0 = Debug|Any CPU
		{FD37414C-8AAA-47BA-8248-1AE5D2C2976E}.Release|Any CPU.ActiveCfg = Release|Any CPU
		{FD37414C-8AAA-47BA-8248-1AE5D2C2976E}.Release|Any CPU.Build.0 = Release|Any CPU
		{C6B89B95-D3DB-4EEE-BADD-BB566DD6E987}.Debug|Any CPU.ActiveCfg = Debug|Any CPU
		{C6B89B95-D3DB-4EEE-BADD-BB566DD6E987}.Debug|Any CPU.Build.0 = Debug|Any CPU
		{C6B89B95-D3DB-4EEE-BADD-BB566DD6E987}.Release|Any CPU.ActiveCfg = Release|Any CPU
		{C6B89B95-D3DB-4EEE-BADD-BB566DD6E987}.Release|Any CPU.Build.0 = Release|Any CPU
	EndGlobalSection
	GlobalSection(SolutionProperties) = preSolution
		HideSolutionNode = FALSE
	EndGlobalSection
	GlobalSection(ExtensibilityGlobals) = postSolution
		SolutionGuid = {31D1FFE2-48D7-4BCC-B869-E82CB8136B8A}
	EndGlobalSection
EndGlobal
